<?xml version="1.0" encoding="utf-8"?>
<Project ToolsVersion="4.0" xmlns="http://schemas.microsoft.com/developer/msbuild/2003">
  <ItemGroup>
    <Filter Include="소스 파일">
      <UniqueIdentifier>{4FC737F1-C7A5-4376-A066-2A32D752A2FF}</UniqueIdentifier>
      <Extensions>cpp;c;cc;cxx;c++;cppm;ixx;def;odl;idl;hpj;bat;asm;asmx</Extensions>
    </Filter>
    <Filter Include="헤더 파일">
      <UniqueIdentifier>{93995380-89BD-4b04-88EB-625FBE52EBFB}</UniqueIdentifier>
      <Extensions>h;hh;hpp;hxx;h++;hm;inl;inc;ipp;xsd</Extensions>
    </Filter>
    <Filter Include="리소스 파일">
      <UniqueIdentifier>{67DA6AB6-F800-4c08-8B7A-83BB121AAD01}</UniqueIdentifier>
      <Extensions>rc;ico;cur;bmp;dlg;rc2;rct;bin;rgs;gif;jpg;jpeg;jpe;resx;tiff;tif;png;wav;mfcribbon-ms</Extensions>
    </Filter>
  </ItemGroup>
  <ItemGroup>
    <ClCompile Include="src\main.cpp">
      <Filter>소스 파일</Filter>
    </ClCompile>
    <ClCompile Include="include\HwpxConverter.cpp">
      <Filter>소스 파일</Filter>
    </ClCompile>
    <ClCompile Include="include\SDK_Wrapper.cpp">
      <Filter>소스 파일</Filter>
    </ClCompile>
  </ItemGroup>
  <ItemGroup>
    <Library Include="lib\Owpml.lib" />
    <Library Include="lib\OWPMLApi.lib" />
    <Library Include="lib\OWPMLUtil.lib" />
  </ItemGroup>
  <ItemGroup>
    <ClInclude Include="include\OWPML\Base\anyelement.h">
      <Filter>헤더 파일</Filter>
    </ClInclude>
    <ClInclude Include="include\OWPML\Base\Attribute.h">
      <Filter>헤더 파일</Filter>
    </ClInclude>
    <ClInclude Include="include\OWPML\Base\Compatibility.h">
      <Filter>헤더 파일</Filter>
    </ClInclude>
    <ClInclude Include="include\OWPML\Base\DefaultHandler.h">
      <Filter>헤더 파일</Filter>
    </ClInclude>
    <ClInclude Include="include\OWPML\Base\ExpatAttribute.h">
      <Filter>헤더 파일</Filter>
    </ClInclude>
    <ClInclude Include="include\OWPML\Base\ExpatDefaultHandler.h">
      <Filter>헤더 파일</Filter>
    </ClInclude>
    <ClInclude Include="include\OWPML\Base\ExpatSax.h">
      <Filter>헤더 파일</Filter>
    </ClInclude>
    <ClInclude Include="include\OWPML\Base\ExpatSaxReader.h">
      <Filter>헤더 파일</Filter>
    </ClInclude>
    <ClInclude Include="include\OWPML\Base\Handler.h">
      <Filter>헤더 파일</Filter>
    </ClInclude>
    <ClInclude Include="include\OWPML\Base\NamespacePrefix.h">
      <Filter>헤더 파일</Filter>
    </ClInclude>
    <ClInclude Include="include\OWPML\Base\Object.h">
      <Filter>헤더 파일</Filter>
    </ClInclude>
    <ClInclude Include="include\OWPML\Base\PartNameSpaceInfo.h">
      <Filter>헤더 파일</Filter>
    </ClInclude>
    <ClInclude Include="include\OWPML\Base\SaxReader.h">
      <Filter>헤더 파일</Filter>
    </ClInclude>
    <ClInclude Include="include\OWPML\Base\Serialize.h">
      <Filter>헤더 파일</Filter>
    </ClInclude>
    <ClInclude Include="include\OWPML\Base\Thread.h">
      <Filter>헤더 파일</Filter>
    </ClInclude>
    <ClInclude Include="include\OWPML\Base\Type.h">
      <Filter>헤더 파일</Filter>
    </ClInclude>
    <ClInclude Include="include\OWPML\Base\Util.h">
      <Filter>헤더 파일</Filter>
    </ClInclude>
    <ClInclude Include="include\OWPML\Base\XMLAttribute.h">
      <Filter>헤더 파일</Filter>
    </ClInclude>
    <ClInclude Include="include\OWPML\Base\XMLSerializer.h">
      <Filter>헤더 파일</Filter>
    </ClInclude>
    <ClInclude Include="include\OWPML\Class\Core\color.h">
      <Filter>헤더 파일</Filter>
    </ClInclude>
    <ClInclude Include="include\OWPML\Class\Core\FillBrushType.h">
      <Filter>헤더 파일</Filter>
    </ClInclude>
    <ClInclude Include="include\OWPML\Class\Core\gradation.h">
      <Filter>헤더 파일</Filter>
    </ClInclude>
    <ClInclude Include="include\OWPML\Class\Core\HWPValue.h">
      <Filter>헤더 파일</Filter>
    </ClInclude>
    <ClInclude Include="include\OWPML\Class\Core\ImageType.h">
      <Filter>헤더 파일</Filter>
    </ClInclude>
    <ClInclude Include="include\OWPML\Class\Core\imgBrush.h">
      <Filter>헤더 파일</Filter>
    </ClInclude>
    <ClInclude Include="include\OWPML\Class\Core\marginAtt.h">
      <Filter>헤더 파일</Filter>
    </ClInclude>
    <ClInclude Include="include\OWPML\Class\Core\MatrixType.h">
      <Filter>헤더 파일</Filter>
    </ClInclude>
    <ClInclude Include="include\OWPML\Class\Core\PointType.h">
      <Filter>헤더 파일</Filter>
    </ClInclude>
    <ClInclude Include="include\OWPML\Class\Core\winBrush.h">
      <Filter>헤더 파일</Filter>
    </ClInclude>
    <ClInclude Include="include\OWPML\Class\Etc\AbstractDiffDataType.h">
      <Filter>헤더 파일</Filter>
    </ClInclude>
    <ClInclude Include="include\OWPML\Class\Etc\CaretPosition.h">
      <Filter>헤더 파일</Filter>
    </ClInclude>
    <ClInclude Include="include\OWPML\Class\Etc\container.h">
      <Filter>헤더 파일</Filter>
    </ClInclude>
    <ClInclude Include="include\OWPML\Class\Etc\DeleteType.h">
      <Filter>헤더 파일</Filter>
    </ClInclude>
    <ClInclude Include="include\OWPML\Class\Etc\DiffEntryType.h">
      <Filter>헤더 파일</Filter>
    </ClInclude>
    <ClInclude Include="include\OWPML\Class\Etc\DocDistribute.h">
      <Filter>헤더 파일</Filter>
    </ClInclude>
    <ClInclude Include="include\OWPML\Class\Etc\GuideType.h">
      <Filter>헤더 파일</Filter>
    </ClInclude>
    <ClInclude Include="include\OWPML\Class\Etc\HistoryEntryType.h">
      <Filter>헤더 파일</Filter>
    </ClInclude>
    <ClInclude Include="include\OWPML\Class\Etc\HWPApplicationSetting.h">
      <Filter>헤더 파일</Filter>
    </ClInclude>
    <ClInclude Include="include\OWPML\Class\Etc\HWPMLHistoryType.h">
      <Filter>헤더 파일</Filter>
    </ClInclude>
    <ClInclude Include="include\OWPML\Class\Etc\identifier.h">
      <Filter>헤더 파일</Filter>
    </ClInclude>
    <ClInclude Include="include\OWPML\Class\Etc\InsertType.h">
      <Filter>헤더 파일</Filter>
    </ClInclude>
    <ClInclude Include="include\OWPML\Class\Etc\item.h">
      <Filter>헤더 파일</Filter>
    </ClInclude>
    <ClInclude Include="include\OWPML\Class\Etc\itemref.h">
      <Filter>헤더 파일</Filter>
    </ClInclude>
    <ClInclude Include="include\OWPML\Class\Etc\language.h">
      <Filter>헤더 파일</Filter>
    </ClInclude>
    <ClInclude Include="include\OWPML\Class\Etc\ManifestType.h">
      <Filter>헤더 파일</Filter>
    </ClInclude>
    <ClInclude Include="include\OWPML\Class\Etc\MasterPageType.h">
      <Filter>헤더 파일</Filter>
    </ClInclude>
    <ClInclude Include="include\OWPML\Class\Etc\meta.h">
      <Filter>헤더 파일</Filter>
    </ClInclude>
    <ClInclude Include="include\OWPML\Class\Etc\MetadataType.h">
      <Filter>헤더 파일</Filter>
    </ClInclude>
    <ClInclude Include="include\OWPML\Class\Etc\odfelement.h">
      <Filter>헤더 파일</Filter>
    </ClInclude>
    <ClInclude Include="include\OWPML\Class\Etc\package.h">
      <Filter>헤더 파일</Filter>
    </ClInclude>
    <ClInclude Include="include\OWPML\Class\Etc\ParameterArrayType.h">
      <Filter>헤더 파일</Filter>
    </ClInclude>
    <ClInclude Include="include\OWPML\Class\Etc\ParameterBinary.h">
      <Filter>헤더 파일</Filter>
    </ClInclude>
    <ClInclude Include="include\OWPML\Class\Etc\ParameterItemtype.h">
      <Filter>헤더 파일</Filter>
    </ClInclude>
    <ClInclude Include="include\OWPML\Class\Etc\ParameterSetType.h">
      <Filter>헤더 파일</Filter>
    </ClInclude>
    <ClInclude Include="include\OWPML\Class\Etc\PositionType.h">
      <Filter>헤더 파일</Filter>
    </ClInclude>
    <ClInclude Include="include\OWPML\Class\Etc\reference.h">
      <Filter>헤더 파일</Filter>
    </ClInclude>
    <ClInclude Include="include\OWPML\Class\Etc\SectionType.h">
      <Filter>헤더 파일</Filter>
    </ClInclude>
    <ClInclude Include="include\OWPML\Class\Etc\signatureelement.h">
      <Filter>헤더 파일</Filter>
    </ClInclude>
    <ClInclude Include="include\OWPML\Class\Etc\site.h">
      <Filter>헤더 파일</Filter>
    </ClInclude>
    <ClInclude Include="include\OWPML\Class\Etc\SpineType.h">
      <Filter>헤더 파일</Filter>
    </ClInclude>
    <ClInclude Include="include\OWPML\Class\Etc\title.h">
      <Filter>헤더 파일</Filter>
    </ClInclude>
    <ClInclude Include="include\OWPML\Class\Etc\tour.h">
      <Filter>헤더 파일</Filter>
    </ClInclude>
    <ClInclude Include="include\OWPML\Class\Etc\ToursType.h">
      <Filter>헤더 파일</Filter>
    </ClInclude>
    <ClInclude Include="include\OWPML\Class\Etc\UpdateType.h">
      <Filter>헤더 파일</Filter>
    </ClInclude>
    <ClInclude Include="include\OWPML\Class\Etc\version.h">
      <Filter>헤더 파일</Filter>
    </ClInclude>
    <ClInclude Include="include\OWPML\Class\Head\adjustBaselineInFixedLinespacing.h">
      <Filter>헤더 파일</Filter>
    </ClInclude>
    <ClInclude Include="include\OWPML\Class\Head\adjustBaselineOfObjectToBottom.h">
      <Filter>헤더 파일</Filter>
    </ClInclude>
    <ClInclude Include="include\OWPML\Class\Head\adjustLineheightToFont.h">
      <Filter>헤더 파일</Filter>
    </ClInclude>
    <ClInclude Include="include\OWPML\Class\Head\adjustParaBorderfillToSpacing.h">
      <Filter>헤더 파일</Filter>
    </ClInclude>
    <ClInclude Include="include\OWPML\Class\Head\adjustParaBorderOffsetWithBorder.h">
      <Filter>헤더 파일</Filter>
    </ClInclude>
    <ClInclude Include="include\OWPML\Class\Head\adjustVertPosOfLine.h">
      <Filter>헤더 파일</Filter>
    </ClInclude>
    <ClInclude Include="include\OWPML\Class\Head\align.h">
      <Filter>헤더 파일</Filter>
    </ClInclude>
    <ClInclude Include="include\OWPML\Class\Head\applyAtLeastToPercent100Pct.h">
      <Filter>헤더 파일</Filter>
    </ClInclude>
    <ClInclude Include="include\OWPML\Class\Head\applyCharSpacingToCharGrid.h">
      <Filter>헤더 파일</Filter>
    </ClInclude>
    <ClInclude Include="include\OWPML\Class\Head\applyExtendHeaderFooterEachSection.h">
      <Filter>헤더 파일</Filter>
    </ClInclude>
    <ClInclude Include="include\OWPML\Class\Head\applyFontspaceToLatin.h">
      <Filter>헤더 파일</Filter>
    </ClInclude>
    <ClInclude Include="include\OWPML\Class\Head\applyFontWeightToBold.h">
      <Filter>헤더 파일</Filter>
    </ClInclude>
    <ClInclude Include="include\OWPML\Class\Head\applyMinColumnWidthTo1mm.h">
      <Filter>헤더 파일</Filter>
    </ClInclude>
    <ClInclude Include="include\OWPML\Class\Head\applyNextspacingOfLastPara.h">
      <Filter>헤더 파일</Filter>
    </ClInclude>
    <ClInclude Include="include\OWPML\Class\Head\applyParaBorderToOutside.h">
      <Filter>헤더 파일</Filter>
    </ClInclude>
    <ClInclude Include="include\OWPML\Class\Head\applyPrevspacingBeneathObject.h">
      <Filter>헤더 파일</Filter>
    </ClInclude>
    <ClInclude Include="include\OWPML\Class\Head\applyTabPosBasedOnSegment.h">
      <Filter>헤더 파일</Filter>
    </ClInclude>
    <ClInclude Include="include\OWPML\Class\Head\autoSpacing.h">
      <Filter>헤더 파일</Filter>
    </ClInclude>
    <ClInclude Include="include\OWPML\Class\Head\baseCharUnitOfIndentOnFirstChar.h">
      <Filter>헤더 파일</Filter>
    </ClInclude>
    <ClInclude Include="include\OWPML\Class\Head\baseCharUnitOnEAsian.h">
      <Filter>헤더 파일</Filter>
    </ClInclude>
    <ClInclude Include="include\OWPML\Class\Head\baseLineSpacingOnLineGrid.h">
      <Filter>헤더 파일</Filter>
    </ClInclude>
    <ClInclude Include="include\OWPML\Class\Head\beginNum.h">
      <Filter>헤더 파일</Filter>
    </ClInclude>
    <ClInclude Include="include\OWPML\Class\Head\bold.h">
      <Filter>헤더 파일</Filter>
    </ClInclude>
    <ClInclude Include="include\OWPML\Class\Head\border.h">
      <Filter>헤더 파일</Filter>
    </ClInclude>
    <ClInclude Include="include\OWPML\Class\Head\borderFills.h">
      <Filter>헤더 파일</Filter>
    </ClInclude>
    <ClInclude Include="include\OWPML\Class\Head\BorderFillType.h">
      <Filter>헤더 파일</Filter>
    </ClInclude>
    <ClInclude Include="include\OWPML\Class\Head\BorderType.h">
      <Filter>헤더 파일</Filter>
    </ClInclude>
    <ClInclude Include="include\OWPML\Class\Head\breakSetting.h">
      <Filter>헤더 파일</Filter>
    </ClInclude>
    <ClInclude Include="include\OWPML\Class\Head\breakTabOverLine.h">
      <Filter>헤더 파일</Filter>
    </ClInclude>
    <ClInclude Include="include\OWPML\Class\Head\bullets.h">
      <Filter>헤더 파일</Filter>
    </ClInclude>
    <ClInclude Include="include\OWPML\Class\Head\BulletType.h">
      <Filter>헤더 파일</Filter>
    </ClInclude>
    <ClInclude Include="include\OWPML\Class\Head\charProperties.h">
      <Filter>헤더 파일</Filter>
    </ClInclude>
    <ClInclude Include="include\OWPML\Class\Head\CharShapeType.h">
      <Filter>헤더 파일</Filter>
    </ClInclude>
    <ClInclude Include="include\OWPML\Class\Head\CompatibleDocumentType.h">
      <Filter>헤더 파일</Filter>
    </ClInclude>
    <ClInclude Include="include\OWPML\Class\Head\connectParaBorderfillOfEqualBorder.h">
      <Filter>헤더 파일</Filter>
    </ClInclude>
    <ClInclude Include="include\OWPML\Class\Head\docoption.h">
      <Filter>헤더 파일</Filter>
    </ClInclude>
    <ClInclude Include="include\OWPML\Class\Head\docoptionLinkInfo.h">
      <Filter>헤더 파일</Filter>
    </ClInclude>
    <ClInclude Include="include\OWPML\Class\Head\doNotAdjustEmptyAnchorLine.h">
      <Filter>헤더 파일</Filter>
    </ClInclude>
    <ClInclude Include="include\OWPML\Class\Head\doNotAdjustWordInJustify.h">
      <Filter>헤더 파일</Filter>
    </ClInclude>
    <ClInclude Include="include\OWPML\Class\Head\doNotAlignLastForbidden.h">
      <Filter>헤더 파일</Filter>
    </ClInclude>
    <ClInclude Include="include\OWPML\Class\Head\doNotAlignLastPeriod.h">
      <Filter>헤더 파일</Filter>
    </ClInclude>
    <ClInclude Include="include\OWPML\Class\Head\doNotAlignWhitespaceOnRight.h">
      <Filter>헤더 파일</Filter>
    </ClInclude>
    <ClInclude Include="include\OWPML\Class\Head\doNotApplyAutoSpaceEAsianEng.h">
      <Filter>헤더 파일</Filter>
    </ClInclude>
    <ClInclude Include="include\OWPML\Class\Head\doNotApplyAutoSpaceEAsianNum.h">
      <Filter>헤더 파일</Filter>
    </ClInclude>
    <ClInclude Include="include\OWPML\Class\Head\doNotApplyColSeparatorAtNoGap.h">
      <Filter>헤더 파일</Filter>
    </ClInclude>
    <ClInclude Include="include\OWPML\Class\Head\doNotApplyDiacSymMarkOfNoneAndSix.h">
      <Filter>헤더 파일</Filter>
    </ClInclude>
    <ClInclude Include="include\OWPML\Class\Head\doNotApplyExtensionCharCompose.h">
      <Filter>헤더 파일</Filter>
    </ClInclude>
    <ClInclude Include="include\OWPML\Class\Head\doNotApplyGridInHeaderFooter.h">
      <Filter>헤더 파일</Filter>
    </ClInclude>
    <ClInclude Include="include\OWPML\Class\Head\doNotApplyHeaderFooterAtNoSpace.h">
      <Filter>헤더 파일</Filter>
    </ClInclude>
    <ClInclude Include="include\OWPML\Class\Head\doNotApplyImageEffect.h">
      <Filter>헤더 파일</Filter>
    </ClInclude>
    <ClInclude Include="include\OWPML\Class\Head\doNotApplyLinegridAtNoLinespacing.h">
      <Filter>헤더 파일</Filter>
    </ClInclude>
    <ClInclude Include="include\OWPML\Class\Head\doNotApplyShapeComment.h">
      <Filter>헤더 파일</Filter>
    </ClInclude>
    <ClInclude Include="include\OWPML\Class\Head\doNotApplyStrikeoutWithUnderline.h">
      <Filter>헤더 파일</Filter>
    </ClInclude>
    <ClInclude Include="include\OWPML\Class\Head\doNotApplyVertOffsetOfForward.h">
      <Filter>헤더 파일</Filter>
    </ClInclude>
    <ClInclude Include="include\OWPML\Class\Head\doNotApplyWhiteSpaceHeight.h">
      <Filter>헤더 파일</Filter>
    </ClInclude>
    <ClInclude Include="include\OWPML\Class\Head\doNotFormattingAtBeneathAnchor.h">
      <Filter>헤더 파일</Filter>
    </ClInclude>
    <ClInclude Include="include\OWPML\Class\Head\doNotHoldAnchorOfTable.h">
      <Filter>헤더 파일</Filter>
    </ClInclude>
    <ClInclude Include="include\OWPML\Class\Head\emboss.h">
      <Filter>헤더 파일</Filter>
    </ClInclude>
    <ClInclude Include="include\OWPML\Class\Head\engrave.h">
      <Filter>헤더 파일</Filter>
    </ClInclude>
    <ClInclude Include="include\OWPML\Class\Head\extendLineheightToOffset.h">
      <Filter>헤더 파일</Filter>
    </ClInclude>
    <ClInclude Include="include\OWPML\Class\Head\extendLineheightToParaBorderOffset.h">
      <Filter>헤더 파일</Filter>
    </ClInclude>
    <ClInclude Include="include\OWPML\Class\Head\extendVertLimitToPageMargins.h">
      <Filter>헤더 파일</Filter>
    </ClInclude>
    <ClInclude Include="include\OWPML\Class\Head\fixedUnderlineWidth.h">
      <Filter>헤더 파일</Filter>
    </ClInclude>
    <ClInclude Include="include\OWPML\Class\Head\font.h">
      <Filter>헤더 파일</Filter>
    </ClInclude>
    <ClInclude Include="include\OWPML\Class\Head\fontfaces.h">
      <Filter>헤더 파일</Filter>
    </ClInclude>
    <ClInclude Include="include\OWPML\Class\Head\FontfaceType.h">
      <Filter>헤더 파일</Filter>
    </ClInclude>
    <ClInclude Include="include\OWPML\Class\Head\fontRef.h">
      <Filter>헤더 파일</Filter>
    </ClInclude>
    <ClInclude Include="include\OWPML\Class\Head\ForbiddenWordListType.h">
      <Filter>헤더 파일</Filter>
    </ClInclude>
    <ClInclude Include="include\OWPML\Class\Head\heading.h">
      <Filter>헤더 파일</Filter>
    </ClInclude>
    <ClInclude Include="include\OWPML\Class\Head\HWPMLHeadType.h">
      <Filter>헤더 파일</Filter>
    </ClInclude>
    <ClInclude Include="include\OWPML\Class\Head\italic.h">
      <Filter>헤더 파일</Filter>
    </ClInclude>
    <ClInclude Include="include\OWPML\Class\Head\layoutCompatibility.h">
      <Filter>헤더 파일</Filter>
    </ClInclude>
    <ClInclude Include="include\OWPML\Class\Head\lineSpacing.h">
      <Filter>헤더 파일</Filter>
    </ClInclude>
    <ClInclude Include="include\OWPML\Class\Head\MappingTableType.h">
      <Filter>헤더 파일</Filter>
    </ClInclude>
    <ClInclude Include="include\OWPML\Class\Head\margin.h">
      <Filter>헤더 파일</Filter>
    </ClInclude>
    <ClInclude Include="include\OWPML\Class\Head\memoProperties.h">
      <Filter>헤더 파일</Filter>
    </ClInclude>
    <ClInclude Include="include\OWPML\Class\Head\MemoShapeType.h">
      <Filter>헤더 파일</Filter>
    </ClInclude>
    <ClInclude Include="include\OWPML\Class\Head\numberings.h">
      <Filter>헤더 파일</Filter>
    </ClInclude>
    <ClInclude Include="include\OWPML\Class\Head\NumberingType.h">
      <Filter>헤더 파일</Filter>
    </ClInclude>
    <ClInclude Include="include\OWPML\Class\Head\offset.h">
      <Filter>헤더 파일</Filter>
    </ClInclude>
    <ClInclude Include="include\OWPML\Class\Head\outline.h">
      <Filter>헤더 파일</Filter>
    </ClInclude>
    <ClInclude Include="include\OWPML\Class\Head\overlapBothAllowOverlap.h">
      <Filter>헤더 파일</Filter>
    </ClInclude>
    <ClInclude Include="include\OWPML\Class\Head\ParaHeadType.h">
      <Filter>헤더 파일</Filter>
    </ClInclude>
    <ClInclude Include="include\OWPML\Class\Head\paraProperties.h">
      <Filter>헤더 파일</Filter>
    </ClInclude>
    <ClInclude Include="include\OWPML\Class\Head\ParaShapeType.h">
      <Filter>헤더 파일</Filter>
    </ClInclude>
    <ClInclude Include="include\OWPML\Class\Head\ratio.h">
      <Filter>헤더 파일</Filter>
    </ClInclude>
    <ClInclude Include="include\OWPML\Class\Head\relSz.h">
      <Filter>헤더 파일</Filter>
    </ClInclude>
    <ClInclude Include="include\OWPML\Class\Head\shadow.h">
      <Filter>헤더 파일</Filter>
    </ClInclude>
    <ClInclude Include="include\OWPML\Class\Head\SlashType.h">
      <Filter>헤더 파일</Filter>
    </ClInclude>
    <ClInclude Include="include\OWPML\Class\Head\spacing.h">
      <Filter>헤더 파일</Filter>
    </ClInclude>
    <ClInclude Include="include\OWPML\Class\Head\strikeout.h">
      <Filter>헤더 파일</Filter>
    </ClInclude>
    <ClInclude Include="include\OWPML\Class\Head\string.h">
      <Filter>헤더 파일</Filter>
    </ClInclude>
    <ClInclude Include="include\OWPML\Class\Head\styles.h">
      <Filter>헤더 파일</Filter>
    </ClInclude>
    <ClInclude Include="include\OWPML\Class\Head\StyleType.h">
      <Filter>헤더 파일</Filter>
    </ClInclude>
    <ClInclude Include="include\OWPML\Class\Head\subscript.h">
      <Filter>헤더 파일</Filter>
    </ClInclude>
    <ClInclude Include="include\OWPML\Class\Head\substFont.h">
      <Filter>헤더 파일</Filter>
    </ClInclude>
    <ClInclude Include="include\OWPML\Class\Head\supscript.h">
      <Filter>헤더 파일</Filter>
    </ClInclude>
    <ClInclude Include="include\OWPML\Class\Head\TabDefType.h">
      <Filter>헤더 파일</Filter>
    </ClInclude>
    <ClInclude Include="include\OWPML\Class\Head\tabItem.h">
      <Filter>헤더 파일</Filter>
    </ClInclude>
    <ClInclude Include="include\OWPML\Class\Head\tabProperties.h">
      <Filter>헤더 파일</Filter>
    </ClInclude>
    <ClInclude Include="include\OWPML\Class\Head\trackchange.h">
      <Filter>헤더 파일</Filter>
    </ClInclude>
    <ClInclude Include="include\OWPML\Class\Head\trackchangeConfig.h">
      <Filter>헤더 파일</Filter>
    </ClInclude>
    <ClInclude Include="include\OWPML\Class\Head\treatQuotationAsLatin.h">
      <Filter>헤더 파일</Filter>
    </ClInclude>
    <ClInclude Include="include\OWPML\Class\Head\typeInfo.h">
      <Filter>헤더 파일</Filter>
    </ClInclude>
    <ClInclude Include="include\OWPML\Class\Head\underline.h">
      <Filter>헤더 파일</Filter>
    </ClInclude>
    <ClInclude Include="include\OWPML\Class\Head\useInnerUnderline.h">
      <Filter>헤더 파일</Filter>
    </ClInclude>
    <ClInclude Include="include\OWPML\Class\Head\useLowercaseStrikeout.h">
      <Filter>헤더 파일</Filter>
    </ClInclude>
    <ClInclude Include="include\OWPML\Class\Para\AbstractButtonObjectType.h">
      <Filter>헤더 파일</Filter>
    </ClInclude>
    <ClInclude Include="include\OWPML\Class\Para\AbstractDrawingObjectType.h">
      <Filter>헤더 파일</Filter>
    </ClInclude>
    <ClInclude Include="include\OWPML\Class\Para\AbstractFormObjectType.h">
      <Filter>헤더 파일</Filter>
    </ClInclude>
    <ClInclude Include="include\OWPML\Class\Para\AbstractShapeComponentType.h">
      <Filter>헤더 파일</Filter>
    </ClInclude>
    <ClInclude Include="include\OWPML\Class\Para\AbstractShapeObjectType.h">
      <Filter>헤더 파일</Filter>
    </ClInclude>
    <ClInclude Include="include\OWPML\Class\Para\alpha.h">
      <Filter>헤더 파일</Filter>
    </ClInclude>
    <ClInclude Include="include\OWPML\Class\Para\ArcType.h">
      <Filter>헤더 파일</Filter>
    </ClInclude>
    <ClInclude Include="include\OWPML\Class\Para\AutoNumFormatType.h">
      <Filter>헤더 파일</Filter>
    </ClInclude>
    <ClInclude Include="include\OWPML\Class\Para\AutoNumNewNumType.h">
      <Filter>헤더 파일</Filter>
    </ClInclude>
    <ClInclude Include="include\OWPML\Class\Para\bookmark.h">
      <Filter>헤더 파일</Filter>
    </ClInclude>
    <ClInclude Include="include\OWPML\Class\Para\booleanParam.h">
      <Filter>헤더 파일</Filter>
    </ClInclude>
    <ClInclude Include="include\OWPML\Class\Para\caption.h">
      <Filter>헤더 파일</Filter>
    </ClInclude>
    <ClInclude Include="include\OWPML\Class\Para\cellAddr.h">
      <Filter>헤더 파일</Filter>
    </ClInclude>
    <ClInclude Include="include\OWPML\Class\Para\cellMargin.h">
      <Filter>헤더 파일</Filter>
    </ClInclude>
    <ClInclude Include="include\OWPML\Class\Para\cellSpan.h">
      <Filter>헤더 파일</Filter>
    </ClInclude>
    <ClInclude Include="include\OWPML\Class\Para\cellSz.h">
      <Filter>헤더 파일</Filter>
    </ClInclude>
    <ClInclude Include="include\OWPML\Class\Para\cellzone.h">
      <Filter>헤더 파일</Filter>
    </ClInclude>
    <ClInclude Include="include\OWPML\Class\Para\cellzoneList.h">
      <Filter>헤더 파일</Filter>
    </ClInclude>
    <ClInclude Include="include\OWPML\Class\Para\charPr.h">
      <Filter>헤더 파일</Filter>
    </ClInclude>
    <ClInclude Include="include\OWPML\Class\Para\ChartType.h">
      <Filter>헤더 파일</Filter>
    </ClInclude>
    <ClInclude Include="include\OWPML\Class\Para\cmyk.h">
      <Filter>헤더 파일</Filter>
    </ClInclude>
    <ClInclude Include="include\OWPML\Class\Para\colLine.h">
      <Filter>헤더 파일</Filter>
    </ClInclude>
    <ClInclude Include="include\OWPML\Class\Para\colSz.h">
      <Filter>헤더 파일</Filter>
    </ClInclude>
    <ClInclude Include="include\OWPML\Class\Para\ColumnDefType.h">
      <Filter>헤더 파일</Filter>
    </ClInclude>
    <ClInclude Include="include\OWPML\Class\Para\ComboBoxType.h">
      <Filter>헤더 파일</Filter>
    </ClInclude>
    <ClInclude Include="include\OWPML\Class\Para\compose.h">
      <Filter>헤더 파일</Filter>
    </ClInclude>
    <ClInclude Include="include\OWPML\Class\Para\ConnectLineType.h">
      <Filter>헤더 파일</Filter>
    </ClInclude>
    <ClInclude Include="include\OWPML\Class\Para\ConnectPointType.h">
      <Filter>헤더 파일</Filter>
    </ClInclude>
    <ClInclude Include="include\OWPML\Class\Para\ContainerType.h">
      <Filter>헤더 파일</Filter>
    </ClInclude>
    <ClInclude Include="include\OWPML\Class\Para\ctrl.h">
      <Filter>헤더 파일</Filter>
    </ClInclude>
    <ClInclude Include="include\OWPML\Class\Para\curSz.h">
      <Filter>헤더 파일</Filter>
    </ClInclude>
    <ClInclude Include="include\OWPML\Class\Para\CurveType.h">
      <Filter>헤더 파일</Filter>
    </ClInclude>
    <ClInclude Include="include\OWPML\Class\Para\drawText.h">
      <Filter>헤더 파일</Filter>
    </ClInclude>
    <ClInclude Include="include\OWPML\Class\Para\dutmal.h">
      <Filter>헤더 파일</Filter>
    </ClInclude>
    <ClInclude Include="include\OWPML\Class\Para\EditType.h">
      <Filter>헤더 파일</Filter>
    </ClInclude>
    <ClInclude Include="include\OWPML\Class\Para\effect.h">
      <Filter>헤더 파일</Filter>
    </ClInclude>
    <ClInclude Include="include\OWPML\Class\Para\EffectsColorType.h">
      <Filter>헤더 파일</Filter>
    </ClInclude>
    <ClInclude Include="include\OWPML\Class\Para\EffectsType.h">
      <Filter>헤더 파일</Filter>
    </ClInclude>
    <ClInclude Include="include\OWPML\Class\Para\EllipseType.h">
      <Filter>헤더 파일</Filter>
    </ClInclude>
    <ClInclude Include="include\OWPML\Class\Para\EndNoteShapeType.h">
      <Filter>헤더 파일</Filter>
    </ClInclude>
    <ClInclude Include="include\OWPML\Class\Para\EquationType.h">
      <Filter>헤더 파일</Filter>
    </ClInclude>
    <ClInclude Include="include\OWPML\Class\Para\fieldBegin.h">
      <Filter>헤더 파일</Filter>
    </ClInclude>
    <ClInclude Include="include\OWPML\Class\Para\fieldEnd.h">
      <Filter>헤더 파일</Filter>
    </ClInclude>
    <ClInclude Include="include\OWPML\Class\Para\firstKey.h">
      <Filter>헤더 파일</Filter>
    </ClInclude>
    <ClInclude Include="include\OWPML\Class\Para\flip.h">
      <Filter>헤더 파일</Filter>
    </ClInclude>
    <ClInclude Include="include\OWPML\Class\Para\floatParam.h">
      <Filter>헤더 파일</Filter>
    </ClInclude>
    <ClInclude Include="include\OWPML\Class\Para\FootNoteShapeType.h">
      <Filter>헤더 파일</Filter>
    </ClInclude>
    <ClInclude Include="include\OWPML\Class\Para\formCharPr.h">
      <Filter>헤더 파일</Filter>
    </ClInclude>
    <ClInclude Include="include\OWPML\Class\Para\fwSpace.h">
      <Filter>헤더 파일</Filter>
    </ClInclude>
    <ClInclude Include="include\OWPML\Class\Para\glow.h">
      <Filter>헤더 파일</Filter>
    </ClInclude>
    <ClInclude Include="include\OWPML\Class\Para\GraphType.h">
      <Filter>헤더 파일</Filter>
    </ClInclude>
    <ClInclude Include="include\OWPML\Class\Para\grid.h">
      <Filter>헤더 파일</Filter>
    </ClInclude>
    <ClInclude Include="include\OWPML\Class\Para\HeaderFooterType.h">
      <Filter>헤더 파일</Filter>
    </ClInclude>
    <ClInclude Include="include\OWPML\Class\Para\hiddenComment.h">
      <Filter>헤더 파일</Filter>
    </ClInclude>
    <ClInclude Include="include\OWPML\Class\Para\hypen.h">
      <Filter>헤더 파일</Filter>
    </ClInclude>
    <ClInclude Include="include\OWPML\Class\Para\imgClip.h">
      <Filter>헤더 파일</Filter>
    </ClInclude>
    <ClInclude Include="include\OWPML\Class\Para\imgDim.h">
      <Filter>헤더 파일</Filter>
    </ClInclude>
    <ClInclude Include="include\OWPML\Class\Para\imgRect.h">
      <Filter>헤더 파일</Filter>
    </ClInclude>
    <ClInclude Include="include\OWPML\Class\Para\indexmark.h">
      <Filter>헤더 파일</Filter>
    </ClInclude>
    <ClInclude Include="include\OWPML\Class\Para\InsideMarginType.h">
      <Filter>헤더 파일</Filter>
    </ClInclude>
    <ClInclude Include="include\OWPML\Class\Para\integerParam.h">
      <Filter>헤더 파일</Filter>
    </ClInclude>
    <ClInclude Include="include\OWPML\Class\Para\label.h">
      <Filter>헤더 파일</Filter>
    </ClInclude>
    <ClInclude Include="include\OWPML\Class\Para\lineBreak.h">
      <Filter>헤더 파일</Filter>
    </ClInclude>
    <ClInclude Include="include\OWPML\Class\Para\LineShapeType.h">
      <Filter>헤더 파일</Filter>
    </ClInclude>
    <ClInclude Include="include\OWPML\Class\Para\LineType.h">
      <Filter>헤더 파일</Filter>
    </ClInclude>
    <ClInclude Include="include\OWPML\Class\Para\ListBoxType.h">
      <Filter>헤더 파일</Filter>
    </ClInclude>
    <ClInclude Include="include\OWPML\Class\Para\ListItemType.h">
      <Filter>헤더 파일</Filter>
    </ClInclude>
    <ClInclude Include="include\OWPML\Class\Para\mainText.h">
      <Filter>헤더 파일</Filter>
    </ClInclude>
    <ClInclude Include="include\OWPML\Class\Para\markpenBegin.h">
      <Filter>헤더 파일</Filter>
    </ClInclude>
    <ClInclude Include="include\OWPML\Class\Para\markpenEnd.h">
      <Filter>헤더 파일</Filter>
    </ClInclude>
    <ClInclude Include="include\OWPML\Class\Para\masterPage.h">
      <Filter>헤더 파일</Filter>
    </ClInclude>
    <ClInclude Include="include\OWPML\Class\Para\MetaTag.h">
      <Filter>헤더 파일</Filter>
    </ClInclude>
    <ClInclude Include="include\OWPML\Class\Para\nbSpace.h">
      <Filter>헤더 파일</Filter>
    </ClInclude>
    <ClInclude Include="include\OWPML\Class\Para\noteLine.h">
      <Filter>헤더 파일</Filter>
    </ClInclude>
    <ClInclude Include="include\OWPML\Class\Para\NoteShapeType.h">
      <Filter>헤더 파일</Filter>
    </ClInclude>
    <ClInclude Include="include\OWPML\Class\Para\noteSpacing.h">
      <Filter>헤더 파일</Filter>
    </ClInclude>
    <ClInclude Include="include\OWPML\Class\Para\NoteType.h">
      <Filter>헤더 파일</Filter>
    </ClInclude>
    <ClInclude Include="include\OWPML\Class\Para\numbering.h">
      <Filter>헤더 파일</Filter>
    </ClInclude>
    <ClInclude Include="include\OWPML\Class\Para\OLEType.h">
      <Filter>헤더 파일</Filter>
    </ClInclude>
    <ClInclude Include="include\OWPML\Class\Para\orgSz.h">
      <Filter>헤더 파일</Filter>
    </ClInclude>
    <ClInclude Include="include\OWPML\Class\Para\outMargin.h">
      <Filter>헤더 파일</Filter>
    </ClInclude>
    <ClInclude Include="include\OWPML\Class\Para\pageBorderFill.h">
      <Filter>헤더 파일</Filter>
    </ClInclude>
    <ClInclude Include="include\OWPML\Class\Para\pageHiding.h">
      <Filter>헤더 파일</Filter>
    </ClInclude>
    <ClInclude Include="include\OWPML\Class\Para\pageNum.h">
      <Filter>헤더 파일</Filter>
    </ClInclude>
    <ClInclude Include="include\OWPML\Class\Para\pageNumCtrl.h">
      <Filter>헤더 파일</Filter>
    </ClInclude>
    <ClInclude Include="include\OWPML\Class\Para\pagePr.h">
      <Filter>헤더 파일</Filter>
    </ClInclude>
    <ClInclude Include="include\OWPML\Class\Para\ParaListType.h">
      <Filter>헤더 파일</Filter>
    </ClInclude>
    <ClInclude Include="include\OWPML\Class\Para\ParameterList.h">
      <Filter>헤더 파일</Filter>
    </ClInclude>
    <ClInclude Include="include\OWPML\Class\Para\PictureType.h">
      <Filter>헤더 파일</Filter>
    </ClInclude>
    <ClInclude Include="include\OWPML\Class\Para\placement.h">
      <Filter>헤더 파일</Filter>
    </ClInclude>
    <ClInclude Include="include\OWPML\Class\Para\pmargin.h">
      <Filter>헤더 파일</Filter>
    </ClInclude>
    <ClInclude Include="include\OWPML\Class\Para\poffset.h">
      <Filter>헤더 파일</Filter>
    </ClInclude>
    <ClInclude Include="include\OWPML\Class\Para\PolygonType.h">
      <Filter>헤더 파일</Filter>
    </ClInclude>
    <ClInclude Include="include\OWPML\Class\Para\pos.h">
      <Filter>헤더 파일</Filter>
    </ClInclude>
    <ClInclude Include="include\OWPML\Class\Para\poutline.h">
      <Filter>헤더 파일</Filter>
    </ClInclude>
    <ClInclude Include="include\OWPML\Class\Para\presentation.h">
      <Filter>헤더 파일</Filter>
    </ClInclude>
    <ClInclude Include="include\OWPML\Class\Para\pshadow.h">
      <Filter>헤더 파일</Filter>
    </ClInclude>
    <ClInclude Include="include\OWPML\Class\Para\PType.h">
      <Filter>헤더 파일</Filter>
    </ClInclude>
    <ClInclude Include="include\OWPML\Class\Para\RectangleType.h">
      <Filter>헤더 파일</Filter>
    </ClInclude>
    <ClInclude Include="include\OWPML\Class\Para\reflection.h">
      <Filter>헤더 파일</Filter>
    </ClInclude>
    <ClInclude Include="include\OWPML\Class\Para\renderingInfo.h">
      <Filter>헤더 파일</Filter>
    </ClInclude>
    <ClInclude Include="include\OWPML\Class\Para\rgb.h">
      <Filter>헤더 파일</Filter>
    </ClInclude>
    <ClInclude Include="include\OWPML\Class\Para\rotationInfo.h">
      <Filter>헤더 파일</Filter>
    </ClInclude>
    <ClInclude Include="include\OWPML\Class\Para\RunType.h">
      <Filter>헤더 파일</Filter>
    </ClInclude>
    <ClInclude Include="include\OWPML\Class\Para\ScaleType.h">
      <Filter>헤더 파일</Filter>
    </ClInclude>
    <ClInclude Include="include\OWPML\Class\Para\scheme.h">
      <Filter>헤더 파일</Filter>
    </ClInclude>
    <ClInclude Include="include\OWPML\Class\Para\script.h">
      <Filter>헤더 파일</Filter>
    </ClInclude>
    <ClInclude Include="include\OWPML\Class\Para\ScrollBarType.h">
      <Filter>헤더 파일</Filter>
    </ClInclude>
    <ClInclude Include="include\OWPML\Class\Para\secondKey.h">
      <Filter>헤더 파일</Filter>
    </ClInclude>
    <ClInclude Include="include\OWPML\Class\Para\SectionDefinitionType.h">
      <Filter>헤더 파일</Filter>
    </ClInclude>
    <ClInclude Include="include\OWPML\Class\Para\seg.h">
      <Filter>헤더 파일</Filter>
    </ClInclude>
    <ClInclude Include="include\OWPML\Class\Para\ShadowType.h">
      <Filter>헤더 파일</Filter>
    </ClInclude>
    <ClInclude Include="include\OWPML\Class\Para\shapeComment.h">
      <Filter>헤더 파일</Filter>
    </ClInclude>
    <ClInclude Include="include\OWPML\Class\Para\SkewType.h">
      <Filter>헤더 파일</Filter>
    </ClInclude>
    <ClInclude Include="include\OWPML\Class\Para\softEdge.h">
      <Filter>헤더 파일</Filter>
    </ClInclude>
    <ClInclude Include="include\OWPML\Class\Para\startNum.h">
      <Filter>헤더 파일</Filter>
    </ClInclude>
    <ClInclude Include="include\OWPML\Class\Para\stringParam.h">
      <Filter>헤더 파일</Filter>
    </ClInclude>
    <ClInclude Include="include\OWPML\Class\Para\subText.h">
      <Filter>헤더 파일</Filter>
    </ClInclude>
    <ClInclude Include="include\OWPML\Class\Para\system.h">
      <Filter>헤더 파일</Filter>
    </ClInclude>
    <ClInclude Include="include\OWPML\Class\Para\sz.h">
      <Filter>헤더 파일</Filter>
    </ClInclude>
    <ClInclude Include="include\OWPML\Class\Para\t.h">
      <Filter>헤더 파일</Filter>
    </ClInclude>
    <ClInclude Include="include\OWPML\Class\Para\tab.h">
      <Filter>헤더 파일</Filter>
    </ClInclude>
    <ClInclude Include="include\OWPML\Class\Para\TableType.h">
      <Filter>헤더 파일</Filter>
    </ClInclude>
    <ClInclude Include="include\OWPML\Class\Para\tc.h">
      <Filter>헤더 파일</Filter>
    </ClInclude>
    <ClInclude Include="include\OWPML\Class\Para\text.h">
      <Filter>헤더 파일</Filter>
    </ClInclude>
    <ClInclude Include="include\OWPML\Class\Para\textart.h">
      <Filter>헤더 파일</Filter>
    </ClInclude>
    <ClInclude Include="include\OWPML\Class\Para\textartPr.h">
      <Filter>헤더 파일</Filter>
    </ClInclude>
    <ClInclude Include="include\OWPML\Class\Para\textMargin.h">
      <Filter>헤더 파일</Filter>
    </ClInclude>
    <ClInclude Include="include\OWPML\Class\Para\titleMark.h">
      <Filter>헤더 파일</Filter>
    </ClInclude>
    <ClInclude Include="include\OWPML\Class\Para\tr.h">
      <Filter>헤더 파일</Filter>
    </ClInclude>
    <ClInclude Include="include\OWPML\Class\Para\trackchangetag.h">
      <Filter>헤더 파일</Filter>
    </ClInclude>
    <ClInclude Include="include\OWPML\Class\Para\UnknownObjectType.h">
      <Filter>헤더 파일</Filter>
    </ClInclude>
    <ClInclude Include="include\OWPML\Class\Para\VideoType.h">
      <Filter>헤더 파일</Filter>
    </ClInclude>
    <ClInclude Include="include\OWPML\Class\Para\visibility.h">
      <Filter>헤더 파일</Filter>
    </ClInclude>
    <ClInclude Include="include\OWPML\Class\RDF\RDF.h">
      <Filter>헤더 파일</Filter>
    </ClInclude>
    <ClInclude Include="include\OWPML\Class\ClassID.h">
      <Filter>헤더 파일</Filter>
    </ClInclude>
    <ClInclude Include="include\OWPML\Class\classinclude.h">
      <Filter>헤더 파일</Filter>
    </ClInclude>
    <ClInclude Include="include\OWPML\Class\enumdef.h">
      <Filter>헤더 파일</Filter>
    </ClInclude>
    <ClInclude Include="include\OWPML\Class\MapMacro.h">
      <Filter>헤더 파일</Filter>
    </ClInclude>
    <ClInclude Include="include\OWPML\Expat\amigaconfig.h">
      <Filter>헤더 파일</Filter>
    </ClInclude>
    <ClInclude Include="include\OWPML\Expat\ascii.h">
      <Filter>헤더 파일</Filter>
    </ClInclude>
    <ClInclude Include="include\OWPML\Expat\asciitab.h">
      <Filter>헤더 파일</Filter>
    </ClInclude>
    <ClInclude Include="include\OWPML\Expat\expat.h">
      <Filter>헤더 파일</Filter>
    </ClInclude>
    <ClInclude Include="include\OWPML\Expat\expat_external.h">
      <Filter>헤더 파일</Filter>
    </ClInclude>
    <ClInclude Include="include\OWPML\Expat\iasciitab.h">
      <Filter>헤더 파일</Filter>
    </ClInclude>
    <ClInclude Include="include\OWPML\Expat\internal.h">
      <Filter>헤더 파일</Filter>
    </ClInclude>
    <ClInclude Include="include\OWPML\Expat\latin1tab.h">
      <Filter>헤더 파일</Filter>
    </ClInclude>
    <ClInclude Include="include\OWPML\Expat\macconfig.h">
      <Filter>헤더 파일</Filter>
    </ClInclude>
    <ClInclude Include="include\OWPML\Expat\nametab.h">
      <Filter>헤더 파일</Filter>
    </ClInclude>
    <ClInclude Include="include\OWPML\Expat\utf8tab.h">
      <Filter>헤더 파일</Filter>
    </ClInclude>
    <ClInclude Include="include\OWPML\Expat\winconfig.h">
      <Filter>헤더 파일</Filter>
    </ClInclude>
    <ClInclude Include="include\OWPML\Expat\xmlrole.h">
      <Filter>헤더 파일</Filter>
    </ClInclude>
    <ClInclude Include="include\OWPML\Expat\xmltok.h">
      <Filter>헤더 파일</Filter>
    </ClInclude>
    <ClInclude Include="include\OWPML\Expat\xmltok_impl.h">
      <Filter>헤더 파일</Filter>
    </ClInclude>
    <ClInclude Include="include\OWPML\Hwp\include\HwpMetatagDef.h">
      <Filter>헤더 파일</Filter>
    </ClInclude>
    <ClInclude Include="include\OWPML\Document.h">
      <Filter>헤더 파일</Filter>
    </ClInclude>
    <ClInclude Include="include\OWPML\OWPML.h">
      <Filter>헤더 파일</Filter>
    </ClInclude>
    <ClInclude Include="include\OWPML\OwpmlForDec.h">
      <Filter>헤더 파일</Filter>
    </ClInclude>
    <ClInclude Include="include\OWPML\stdafx.h">
      <Filter>헤더 파일</Filter>
    </ClInclude>
    <ClInclude Include="include\OWPMLApi\OWPMLApi.h">
      <Filter>헤더 파일</Filter>
    </ClInclude>
    <ClInclude Include="include\OWPMLApi\OWPMLDocument.h">
      <Filter>헤더 파일</Filter>
    </ClInclude>
    <ClInclude Include="include\OWPMLApi\OWPMLDocumentDef.h">
      <Filter>헤더 파일</Filter>
    </ClInclude>
    <ClInclude Include="include\OWPMLApi\OWPMLSectionHandler.h">
      <Filter>헤더 파일</Filter>
    </ClInclude>
    <ClInclude Include="include\OWPMLApi\OWPMLSerialize.h">
      <Filter>헤더 파일</Filter>
    </ClInclude>
    <ClInclude Include="include\OWPMLApi\OWPMLSerializeModel.h">
      <Filter>헤더 파일</Filter>
    </ClInclude>
    <ClInclude Include="include\OWPMLApi\stdafx.h">
      <Filter>헤더 파일</Filter>
    </ClInclude>
    <ClInclude Include="include\OWPMLUtil\cipher.h">
      <Filter>헤더 파일</Filter>
    </ClInclude>
    <ClInclude Include="include\OWPMLUtil\HncAlloca.h">
      <Filter>헤더 파일</Filter>
    </ClInclude>
    <ClInclude Include="include\OWPMLUtil\HncBaseStringDef.h">
      <Filter>헤더 파일</Filter>
    </ClInclude>
    <ClInclude Include="include\OWPMLUtil\HncBlowfish.h">
      <Filter>헤더 파일</Filter>
    </ClInclude>
    <ClInclude Include="include\OWPMLUtil\HncCodeUnix.h">
      <Filter>헤더 파일</Filter>
    </ClInclude>
    <ClInclude Include="include\OWPMLUtil\HncCtrlChDef.h">
      <Filter>헤더 파일</Filter>
    </ClInclude>
    <ClInclude Include="include\OWPMLUtil\HncDefine.h">
      <Filter>헤더 파일</Filter>
    </ClInclude>
    <ClInclude Include="include\OWPMLUtil\HncPathUtils.h">
      <Filter>헤더 파일</Filter>
    </ClInclude>
    <ClInclude Include="include\OWPMLUtil\HncSha1.h">
      <Filter>헤더 파일</Filter>
    </ClInclude>
    <ClInclude Include="include\OWPMLUtil\Rijndael.h">
      <Filter>헤더 파일</Filter>
    </ClInclude>
    <ClInclude Include="include\OWPMLUtil\stdafx.h">
      <Filter>헤더 파일</Filter>
    </ClInclude>
    <ClInclude Include="include\OWPMLUtil\StringDef.h">
      <Filter>헤더 파일</Filter>
    </ClInclude>
    <ClInclude Include="include\OWPML\Zip\encrypt.h">
      <Filter>헤더 파일</Filter>
    </ClInclude>
    <ClInclude Include="include\OWPML\Zip\SDZip.h">
      <Filter>헤더 파일</Filter>
    </ClInclude>
    <ClInclude Include="include\OWPML\Zip\unzip.h">
      <Filter>헤더 파일</Filter>
    </ClInclude>
    <ClInclude Include="include\OWPML\Zip\zip.h">
      <Filter>헤더 파일</Filter>
    </ClInclude>
    <ClInclude Include="include\HwpxConverter.h">
      <Filter>헤더 파일</Filter>
    </ClInclude>
    <ClInclude Include="include\OWPMLUtil\HncAES.h">
      <Filter>헤더 파일</Filter>
    </ClInclude>
    <ClInclude Include="include\DocumentWalker.h">
      <Filter>헤더 파일</Filter>
    </ClInclude>
    <ClInclude Include="include\SDK_Wrapper.h">
      <Filter>헤더 파일</Filter>
    </ClInclude>
    <ClInclude Include="include\HtmlRenderer.h">
      <Filter>헤더 파일</Filter>
    </ClInclude>
    <ClInclude Include="include\OwpmSDKPrelude.h">
      <Filter>헤더 파일</Filter>
    </ClInclude>
  </ItemGroup>
  <ItemGroup>
    <None Include="lib\Owpml.pdb" />
    <None Include="lib\OWPMLApi.pdb" />
    <None Include="lib\OWPMLUtil.pdb" />
    <None Include=".gitignore" />
  </ItemGroup>
</Project>