
Microsoft Visual Studio Solution File, Format Version 12.00
# Visual Studio Version 17
VisualStudioVersion = 17.14.36310.24 d17.14
MinimumVisualStudioVersion = 10.0.40219.1
Project("{8BC9CEB8-8B4A-11D0-8D11-00A0C91BC942}") = "HwpxConverter", "HwpxConverter.vcxproj", "{38EC8453-A2C8-4BDF-85FA-8F6DF3E02BCE}"
EndProject
Global
	GlobalSection(SolutionConfigurationPlatforms) = preSolution
		Debug|x64 = Debug|x64
		Debug|x86 = Debug|x86
		Release|x64 = Release|x64
		Release|x86 = Release|x86
	EndGlobalSection
	GlobalSection(ProjectConfigurationPlatforms) = postSolution
		{38EC8453-A2C8-4BDF-85FA-8F6DF3E02BCE}.Debug|x64.ActiveCfg = Debug|x64
		{38EC8453-A2C8-4BDF-85FA-8F6DF3E02BCE}.Debug|x64.Build.0 = Debug|x64
		{38EC8453-A2C8-4BDF-85FA-8F6DF3E02BCE}.Debug|x86.ActiveCfg = Debug|Win32
		{38EC8453-A2C8-4BDF-85FA-8F6DF3E02BCE}.Debug|x86.Build.0 = Debug|Win32
		{38EC8453-A2C8-4BDF-85FA-8F6DF3E02BCE}.Release|x64.ActiveCfg = Release|x64
		{38EC8453-A2C8-4BDF-85FA-8F6DF3E02BCE}.Release|x64.Build.0 = Release|x64
		{38EC8453-A2C8-4BDF-85FA-8F6DF3E02BCE}.Release|x86.ActiveCfg = Release|Win32
		{38EC8453-A2C8-4BDF-85FA-8F6DF3E02BCE}.Release|x86.Build.0 = Release|Win32
	EndGlobalSection
	GlobalSection(SolutionProperties) = preSolution
		HideSolutionNode = FALSE
	EndGlobalSection
	GlobalSection(ExtensibilityGlobals) = postSolution
		SolutionGuid = {DB5FCBFA-457A-4EA1-8C32-7FCE9FCAA2DA}
	EndGlobalSection
EndGlobal
